
Microsoft Visual Studio Solution File, Format Version 12.00
# Visual Studio Version 16
VisualStudioVersion = 16.0.30907.101
MinimumVisualStudioVersion = 10.0.40219.1
Project("{FAE04EC0-301F-11D3-BF4B-00C04F79EFBC}") = "CustomPreview", "CustomPreview\CustomPreview.csproj", "{0E1EEBF2-CF89-410F-8B79-8BBE9896BF85}"
EndProject
Global
	GlobalSection(SolutionConfigurationPlatforms) = preSolution
		Debug|AnyCPU = Debug|AnyCPU
		Release|AnyCPU = Release|AnyCPU
	EndGlobalSection
	GlobalSection(ProjectConfigurationPlatforms) = postSolution
		{0E1EEBF2-CF89-410F-8B79-8BBE9896BF85}.Debug|AnyCPU.ActiveCfg = Debug|Any CPU
		{0E1EEBF2-CF89-410F-8B79-8BBE9896BF85}.Debug|AnyCPU.Build.0 = Debug|Any CPU
		{0E1EEBF2-CF89-410F-8B79-8BBE9896BF85}.Release|AnyCPU.ActiveCfg = Release|AnyCPU
		{0E1EEBF2-CF89-410F-8B79-8BBE9896BF85}.Release|AnyCPU.Build.0 = Release|AnyCPU
	EndGlobalSection
	GlobalSection(SolutionProperties) = preSolution
		HideSolutionNode = FALSE
	EndGlobalSection
	GlobalSection(ExtensibilityGlobals) = postSolution
		SolutionGuid = {F3E0E89A-BBED-4ACA-BD8E-5B88C11C7ECF}
	EndGlobalSection
EndGlobal
